
Microsoft Visual Studio Solution File, Format Version 12.00
Project("{FAE04EC0-301F-11D3-BF4B-00C04F79EFBC}") = "ToDo.API", "ToDo.API\ToDo.API.csproj", "{5D0BA49B-71EB-46DD-9C29-A6AFEC5C8675}"
EndProject
Project("{2150E333-8FDC-42A3-9474-1A3956D46DE8}") = "Solution Items", "Solution Items", "{E27F9FAD-1A43-478C-8C07-0F51081EC2E1}"
	ProjectSection(SolutionItems) = preProject
		compose.yaml = compose.yaml
	EndProjectSection
EndProject
Project("{FAE04EC0-301F-11D3-BF4B-00C04F79EFBC}") = "ToDo.Application", "ToDo.Application\ToDo.Application.csproj", "{C7613952-DA8A-4F4F-90E0-A8E7CDEDD6B7}"
EndProject
Project("{FAE04EC0-301F-11D3-BF4B-00C04F79EFBC}") = "ToDo.Domain", "ToDo.Domain\ToDo.Domain.csproj", "{7FD44CA8-C3E1-4949-BE3F-F47094AB449D}"
EndProject
Project("{2150E333-8FDC-42A3-9474-1A3956D46DE8}") = "Common", "Common", "{BA02F20C-132A-4D93-9ECF-81C8A8838AEB}"
	ProjectSection(SolutionItems) = preProject
		Common\ProjectBase.props = Common\ProjectBase.props
	EndProjectSection
EndProject
Project("{FAE04EC0-301F-11D3-BF4B-00C04F79EFBC}") = "ToDo.Infrastructure", "ToDo.Infrastructure\ToDo.Infrastructure.csproj", "{5C707D13-A51D-4A27-B436-AFA5E1674E2C}"
EndProject
Global
	GlobalSection(SolutionConfigurationPlatforms) = preSolution
		Debug|Any CPU = Debug|Any CPU
		Release|Any CPU = Release|Any CPU
	EndGlobalSection
	GlobalSection(ProjectConfigurationPlatforms) = postSolution
		{5D0BA49B-71EB-46DD-9C29-A6AFEC5C8675}.Debug|Any CPU.ActiveCfg = Debug|Any CPU
		{5D0BA49B-71EB-46DD-9C29-A6AFEC5C8675}.Debug|Any CPU.Build.0 = Debug|Any CPU
		{5D0BA49B-71EB-46DD-9C29-A6AFEC5C8675}.Release|Any CPU.ActiveCfg = Release|Any CPU
		{5D0BA49B-71EB-46DD-9C29-A6AFEC5C8675}.Release|Any CPU.Build.0 = Release|Any CPU
		{C7613952-DA8A-4F4F-90E0-A8E7CDEDD6B7}.Debug|Any CPU.ActiveCfg = Debug|Any CPU
		{C7613952-DA8A-4F4F-90E0-A8E7CDEDD6B7}.Debug|Any CPU.Build.0 = Debug|Any CPU
		{C7613952-DA8A-4F4F-90E0-A8E7CDEDD6B7}.Release|Any CPU.ActiveCfg = Release|Any CPU
		{C7613952-DA8A-4F4F-90E0-A8E7CDEDD6B7}.Release|Any CPU.Build.0 = Release|Any CPU
		{7FD44CA8-C3E1-4949-BE3F-F47094AB449D}.Debug|Any CPU.ActiveCfg = Debug|Any CPU
		{7FD44CA8-C3E1-4949-BE3F-F47094AB449D}.Debug|Any CPU.Build.0 = Debug|Any CPU
		{7FD44CA8-C3E1-4949-BE3F-F47094AB449D}.Release|Any CPU.ActiveCfg = Release|Any CPU
		{7FD44CA8-C3E1-4949-BE3F-F47094AB449D}.Release|Any CPU.Build.0 = Release|Any CPU
		{5C707D13-A51D-4A27-B436-AFA5E1674E2C}.Debug|Any CPU.ActiveCfg = Debug|Any CPU
		{5C707D13-A51D-4A27-B436-AFA5E1674E2C}.Debug|Any CPU.Build.0 = Debug|Any CPU
		{5C707D13-A51D-4A27-B436-AFA5E1674E2C}.Release|Any CPU.ActiveCfg = Release|Any CPU
		{5C707D13-A51D-4A27-B436-AFA5E1674E2C}.Release|Any CPU.Build.0 = Release|Any CPU
	EndGlobalSection
EndGlobal
